{
  "name": "vtfilter",
  "lockfileVersion": 2,
  "requires": true,
  "packages": {
    "": {
      "dependencies": {
        "@mapbox/vector-tile": "^1.3.1",
        "pbf": "^3.2.1"
      },
      "devDependencies": {
        "@types/aws-lambda": "^8.10.109",
        "@types/mapbox__vector-tile": "^1.3.0",
        "@types/node": "^18.11.10",
        "@types/pbf": "^3.0.2",
        "esbuild": "^0.15.7",
        "esbuild-runner": "^2.2.1",
        "typescript": "^4.8.3"
      }
    },
    "node_modules/@esbuild/linux-loong64": {
      "version": "0.15.7",
      "resolved": "https://registry.npmjs.org/@esbuild/linux-loong64/-/linux-loong64-0.15.7.tgz",
      "integrity": "sha512-IKznSJOsVUuyt7cDzzSZyqBEcZe+7WlBqTVXiF1OXP/4Nm387ToaXZ0fyLwI1iBlI/bzpxVq411QE2/Bt2XWWw==",
      "cpu": [
        "loong64"
      ],
      "dev": true,
      "optional": true,
      "os": [
        "linux"
      ],
      "engines": {
        "node": ">=12"
      }
    },
    "node_modules/@mapbox/point-geometry": {
      "version": "0.1.0",
      "resolved": "https://registry.npmjs.org/@mapbox/point-geometry/-/point-geometry-0.1.0.tgz",
      "integrity": "sha512-6j56HdLTwWGO0fJPlrZtdU/B13q8Uwmo18Ck2GnGgN9PCFyKTZ3UbXeEdRFh18i9XQ92eH2VdtpJHpBD3aripQ=="
    },
    "node_modules/@mapbox/vector-tile": {
      "version": "1.3.1",
      "resolved": "https://registry.npmjs.org/@mapbox/vector-tile/-/vector-tile-1.3.1.tgz",
      "integrity": "sha512-MCEddb8u44/xfQ3oD+Srl/tNcQoqTw3goGk2oLsrFxOTc3dUp+kAnby3PvAeeBYSMSjSPD1nd1AJA6W49WnoUw==",
      "dependencies": {
        "@mapbox/point-geometry": "~0.1.0"
      }
    },
    "node_modules/@types/aws-lambda": {
      "version": "8.10.109",
      "resolved": "https://registry.npmjs.org/@types/aws-lambda/-/aws-lambda-8.10.109.tgz",
      "integrity": "sha512-/ME92FneNyXQzrAfcnQQlW1XkCZGPDlpi2ao1MJwecN+6SbeonKeggU8eybv1DfKli90FAVT1MlIZVXfwVuCyg==",
      "dev": true
    },
    "node_modules/@types/geojson": {
      "version": "7946.0.10",
      "resolved": "https://registry.npmjs.org/@types/geojson/-/geojson-7946.0.10.tgz",
      "integrity": "sha512-Nmh0K3iWQJzniTuPRcJn5hxXkfB1T1pgB89SBig5PlJQU5yocazeu4jATJlaA0GYFKWMqDdvYemoSnF2pXgLVA==",
      "dev": true
    },
    "node_modules/@types/mapbox__point-geometry": {
      "version": "0.1.2",
      "resolved": "https://registry.npmjs.org/@types/mapbox__point-geometry/-/mapbox__point-geometry-0.1.2.tgz",
      "integrity": "sha512-D0lgCq+3VWV85ey1MZVkE8ZveyuvW5VAfuahVTQRpXFQTxw03SuIf1/K4UQ87MMIXVKzpFjXFiFMZzLj2kU+iA==",
      "dev": true
    },
    "node_modules/@types/mapbox__vector-tile": {
      "version": "1.3.0",
      "resolved": "https://registry.npmjs.org/@types/mapbox__vector-tile/-/mapbox__vector-tile-1.3.0.tgz",
      "integrity": "sha512-kDwVreQO5V4c8yAxzZVQLE5tyWF+IPToAanloQaSnwfXmIcJ7cyOrv8z4Ft4y7PsLYmhWXmON8MBV8RX0Rgr8g==",
      "dev": true,
      "dependencies": {
        "@types/geojson": "*",
        "@types/mapbox__point-geometry": "*",
        "@types/pbf": "*"
      }
    },
    "node_modules/@types/node": {
      "version": "18.11.10",
      "resolved": "https://registry.npmjs.org/@types/node/-/node-18.11.10.tgz",
      "integrity": "sha512-juG3RWMBOqcOuXC643OAdSA525V44cVgGV6dUDuiFtss+8Fk5x1hI93Rsld43VeJVIeqlP9I7Fn9/qaVqoEAuQ==",
      "dev": true
    },
    "node_modules/@types/pbf": {
      "version": "3.0.2",
      "resolved": "https://registry.npmjs.org/@types/pbf/-/pbf-3.0.2.tgz",
      "integrity": "sha512-EDrLIPaPXOZqDjrkzxxbX7UlJSeQVgah3i0aA4pOSzmK9zq3BIh7/MZIQxED7slJByvKM4Gc6Hypyu2lJzh3SQ==",
      "dev": true
    },
    "node_modules/buffer-from": {
      "version": "1.1.2",
      "resolved": "https://registry.npmjs.org/buffer-from/-/buffer-from-1.1.2.tgz",
      "integrity": "sha512-E+XQCRwSbaaiChtv6k6Dwgc+bx+Bs6vuKJHHl5kox/BaKbhiXzqQOwK4cO22yElGp2OCmjwVhT3HmxgyPGnJfQ==",
      "dev": true
    },
    "node_modules/esbuild": {
      "version": "0.15.7",
      "resolved": "https://registry.npmjs.org/esbuild/-/esbuild-0.15.7.tgz",
      "integrity": "sha512-7V8tzllIbAQV1M4QoE52ImKu8hT/NLGlGXkiDsbEU5PS6K8Mn09ZnYoS+dcmHxOS9CRsV4IRAMdT3I67IyUNXw==",
      "dev": true,
      "hasInstallScript": true,
      "bin": {
        "esbuild": "bin/esbuild"
      },
      "engines": {
        "node": ">=12"
      },
      "optionalDependencies": {
        "@esbuild/linux-loong64": "0.15.7",
        "esbuild-android-64": "0.15.7",
        "esbuild-android-arm64": "0.15.7",
        "esbuild-darwin-64": "0.15.7",
        "esbuild-darwin-arm64": "0.15.7",
        "esbuild-freebsd-64": "0.15.7",
        "esbuild-freebsd-arm64": "0.15.7",
        "esbuild-linux-32": "0.15.7",
        "esbuild-linux-64": "0.15.7",
        "esbuild-linux-arm": "0.15.7",
        "esbuild-linux-arm64": "0.15.7",
        "esbuild-linux-mips64le": "0.15.7",
        "esbuild-linux-ppc64le": "0.15.7",
        "esbuild-linux-riscv64": "0.15.7",
        "esbuild-linux-s390x": "0.15.7",
        "esbuild-netbsd-64": "0.15.7",
        "esbuild-openbsd-64": "0.15.7",
        "esbuild-sunos-64": "0.15.7",
        "esbuild-windows-32": "0.15.7",
        "esbuild-windows-64": "0.15.7",
        "esbuild-windows-arm64": "0.15.7"
      }
    },
    "node_modules/esbuild-android-64": {
      "version": "0.15.7",
      "resolved": "https://registry.npmjs.org/esbuild-android-64/-/esbuild-android-64-0.15.7.tgz",
      "integrity": "sha512-p7rCvdsldhxQr3YHxptf1Jcd86dlhvc3EQmQJaZzzuAxefO9PvcI0GLOa5nCWem1AJ8iMRu9w0r5TG8pHmbi9w==",
      "cpu": [
        "x64"
      ],
      "dev": true,
      "optional": true,
      "os": [
        "android"
      ],
      "engines": {
        "node": ">=12"
      }
    },
    "node_modules/esbuild-android-arm64": {
      "version": "0.15.7",
      "resolved": "https://registry.npmjs.org/esbuild-android-arm64/-/esbuild-android-arm64-0.15.7.tgz",
      "integrity": "sha512-L775l9ynJT7rVqRM5vo+9w5g2ysbOCfsdLV4CWanTZ1k/9Jb3IYlQ06VCI1edhcosTYJRECQFJa3eAvkx72eyQ==",
      "cpu": [
        "arm64"
      ],
      "dev": true,
      "optional": true,
      "os": [
        "android"
      ],
      "engines": {
        "node": ">=12"
      }
    },
    "node_modules/esbuild-darwin-64": {
      "version": "0.15.7",
      "resolved": "https://registry.npmjs.org/esbuild-darwin-64/-/esbuild-darwin-64-0.15.7.tgz",
      "integrity": "sha512-KGPt3r1c9ww009t2xLB6Vk0YyNOXh7hbjZ3EecHoVDxgtbUlYstMPDaReimKe6eOEfyY4hBEEeTvKwPsiH5WZg==",
      "cpu": [
        "x64"
      ],
      "dev": true,
      "optional": true,
      "os": [
        "darwin"
      ],
      "engines": {
        "node": ">=12"
      }
    },
    "node_modules/esbuild-darwin-arm64": {
      "version": "0.15.7",
      "resolved": "https://registry.npmjs.org/esbuild-darwin-arm64/-/esbuild-darwin-arm64-0.15.7.tgz",
      "integrity": "sha512-kBIHvtVqbSGajN88lYMnR3aIleH3ABZLLFLxwL2stiuIGAjGlQW741NxVTpUHQXUmPzxi6POqc9npkXa8AcSZQ==",
      "cpu": [
        "arm64"
      ],
      "dev": true,
      "optional": true,
      "os": [
        "darwin"
      ],
      "engines": {
        "node": ">=12"
      }
    },
    "node_modules/esbuild-freebsd-64": {
      "version": "0.15.7",
      "resolved": "https://registry.npmjs.org/esbuild-freebsd-64/-/esbuild-freebsd-64-0.15.7.tgz",
      "integrity": "sha512-hESZB91qDLV5MEwNxzMxPfbjAhOmtfsr9Wnuci7pY6TtEh4UDuevmGmkUIjX/b+e/k4tcNBMf7SRQ2mdNuK/HQ==",
      "cpu": [
        "x64"
      ],
      "dev": true,
      "optional": true,
      "os": [
        "freebsd"
      ],
      "engines": {
        "node": ">=12"
      }
    },
    "node_modules/esbuild-freebsd-arm64": {
      "version": "0.15.7",
      "resolved": "https://registry.npmjs.org/esbuild-freebsd-arm64/-/esbuild-freebsd-arm64-0.15.7.tgz",
      "integrity": "sha512-dLFR0ChH5t+b3J8w0fVKGvtwSLWCv7GYT2Y2jFGulF1L5HftQLzVGN+6pi1SivuiVSmTh28FwUhi9PwQicXI6Q==",
      "cpu": [
        "arm64"
      ],
      "dev": true,
      "optional": true,
      "os": [
        "freebsd"
      ],
      "engines": {
        "node": ">=12"
      }
    },
    "node_modules/esbuild-linux-32": {
      "version": "0.15.7",
      "resolved": "https://registry.npmjs.org/esbuild-linux-32/-/esbuild-linux-32-0.15.7.tgz",
      "integrity": "sha512-v3gT/LsONGUZcjbt2swrMjwxo32NJzk+7sAgtxhGx1+ZmOFaTRXBAi1PPfgpeo/J//Un2jIKm/I+qqeo4caJvg==",
      "cpu": [
        "ia32"
      ],
      "dev": true,
      "optional": true,
      "os": [
        "linux"
      ],
      "engines": {
        "node": ">=12"
      }
    },
    "node_modules/esbuild-linux-64": {
      "version": "0.15.7",
      "resolved": "https://registry.npmjs.org/esbuild-linux-64/-/esbuild-linux-64-0.15.7.tgz",
      "integrity": "sha512-LxXEfLAKwOVmm1yecpMmWERBshl+Kv5YJ/1KnyAr6HRHFW8cxOEsEfisD3sVl/RvHyW//lhYUVSuy9jGEfIRAQ==",
      "cpu": [
        "x64"
      ],
      "dev": true,
      "optional": true,
      "os": [
        "linux"
      ],
      "engines": {
        "node": ">=12"
      }
    },
    "node_modules/esbuild-linux-arm": {
      "version": "0.15.7",
      "resolved": "https://registry.npmjs.org/esbuild-linux-arm/-/esbuild-linux-arm-0.15.7.tgz",
      "integrity": "sha512-JKgAHtMR5f75wJTeuNQbyznZZa+pjiUHV7sRZp42UNdyXC6TiUYMW/8z8yIBAr2Fpad8hM1royZKQisqPABPvQ==",
      "cpu": [
        "arm"
      ],
      "dev": true,
      "optional": true,
      "os": [
        "linux"
      ],
      "engines": {
        "node": ">=12"
      }
    },
    "node_modules/esbuild-linux-arm64": {
      "version": "0.15.7",
      "resolved": "https://registry.npmjs.org/esbuild-linux-arm64/-/esbuild-linux-arm64-0.15.7.tgz",
      "integrity": "sha512-P3cfhudpzWDkglutWgXcT2S7Ft7o2e3YDMrP1n0z2dlbUZghUkKCyaWw0zhp4KxEEzt/E7lmrtRu/pGWnwb9vw==",
      "cpu": [
        "arm64"
      ],
      "dev": true,
      "optional": true,
      "os": [
        "linux"
      ],
      "engines": {
        "node": ">=12"
      }
    },
    "node_modules/esbuild-linux-mips64le": {
      "version": "0.15.7",
      "resolved": "https://registry.npmjs.org/esbuild-linux-mips64le/-/esbuild-linux-mips64le-0.15.7.tgz",
      "integrity": "sha512-T7XKuxl0VpeFLCJXub6U+iybiqh0kM/bWOTb4qcPyDDwNVhLUiPcGdG2/0S7F93czUZOKP57YiLV8YQewgLHKw==",
      "cpu": [
        "mips64el"
      ],
      "dev": true,
      "optional": true,
      "os": [
        "linux"
      ],
      "engines": {
        "node": ">=12"
      }
    },
    "node_modules/esbuild-linux-ppc64le": {
      "version": "0.15.7",
      "resolved": "https://registry.npmjs.org/esbuild-linux-ppc64le/-/esbuild-linux-ppc64le-0.15.7.tgz",
      "integrity": "sha512-6mGuC19WpFN7NYbecMIJjeQgvDb5aMuvyk0PDYBJrqAEMkTwg3Z98kEKuCm6THHRnrgsdr7bp4SruSAxEM4eJw==",
      "cpu": [
        "ppc64"
      ],
      "dev": true,
      "optional": true,
      "os": [
        "linux"
      ],
      "engines": {
        "node": ">=12"
      }
    },
    "node_modules/esbuild-linux-riscv64": {
      "version": "0.15.7",
      "resolved": "https://registry.npmjs.org/esbuild-linux-riscv64/-/esbuild-linux-riscv64-0.15.7.tgz",
      "integrity": "sha512-uUJsezbswAYo/X7OU/P+PuL/EI9WzxsEQXDekfwpQ23uGiooxqoLFAPmXPcRAt941vjlY9jtITEEikWMBr+F/g==",
      "cpu": [
        "riscv64"
      ],
      "dev": true,
      "optional": true,
      "os": [
        "linux"
      ],
      "engines": {
        "node": ">=12"
      }
    },
    "node_modules/esbuild-linux-s390x": {
      "version": "0.15.7",
      "resolved": "https://registry.npmjs.org/esbuild-linux-s390x/-/esbuild-linux-s390x-0.15.7.tgz",
      "integrity": "sha512-+tO+xOyTNMc34rXlSxK7aCwJgvQyffqEM5MMdNDEeMU3ss0S6wKvbBOQfgd5jRPblfwJ6b+bKiz0g5nABpY0QQ==",
      "cpu": [
        "s390x"
      ],
      "dev": true,
      "optional": true,
      "os": [
        "linux"
      ],
      "engines": {
        "node": ">=12"
      }
    },
    "node_modules/esbuild-netbsd-64": {
      "version": "0.15.7",
      "resolved": "https://registry.npmjs.org/esbuild-netbsd-64/-/esbuild-netbsd-64-0.15.7.tgz",
      "integrity": "sha512-yVc4Wz+Pu3cP5hzm5kIygNPrjar/v5WCSoRmIjCPWfBVJkZNb5brEGKUlf+0Y759D48BCWa0WHrWXaNy0DULTQ==",
      "cpu": [
        "x64"
      ],
      "dev": true,
      "optional": true,
      "os": [
        "netbsd"
      ],
      "engines": {
        "node": ">=12"
      }
    },
    "node_modules/esbuild-openbsd-64": {
      "version": "0.15.7",
      "resolved": "https://registry.npmjs.org/esbuild-openbsd-64/-/esbuild-openbsd-64-0.15.7.tgz",
      "integrity": "sha512-GsimbwC4FSR4lN3wf8XmTQ+r8/0YSQo21rWDL0XFFhLHKlzEA4SsT1Tl8bPYu00IU6UWSJ+b3fG/8SB69rcuEQ==",
      "cpu": [
        "x64"
      ],
      "dev": true,
      "optional": true,
      "os": [
        "openbsd"
      ],
      "engines": {
        "node": ">=12"
      }
    },
    "node_modules/esbuild-runner": {
      "version": "2.2.1",
      "resolved": "https://registry.npmjs.org/esbuild-runner/-/esbuild-runner-2.2.1.tgz",
      "integrity": "sha512-VP0VfJJZiZ3cKzdOH59ZceDxx/GzBKra7tiGM8MfFMLv6CR1/cpsvtQ3IsJI3pz7HyeYxtbPyecj3fHwR+3XcQ==",
      "dev": true,
      "dependencies": {
        "source-map-support": "0.5.19",
        "tslib": "2.3.1"
      },
      "bin": {
        "esr": "bin/esr.js"
      },
      "peerDependencies": {
        "esbuild": "*"
      }
    },
    "node_modules/esbuild-sunos-64": {
      "version": "0.15.7",
      "resolved": "https://registry.npmjs.org/esbuild-sunos-64/-/esbuild-sunos-64-0.15.7.tgz",
      "integrity": "sha512-8CDI1aL/ts0mDGbWzjEOGKXnU7p3rDzggHSBtVryQzkSOsjCHRVe0iFYUuhczlxU1R3LN/E7HgUO4NXzGGP/Ag==",
      "cpu": [
        "x64"
      ],
      "dev": true,
      "optional": true,
      "os": [
        "sunos"
      ],
      "engines": {
        "node": ">=12"
      }
    },
    "node_modules/esbuild-windows-32": {
      "version": "0.15.7",
      "resolved": "https://registry.npmjs.org/esbuild-windows-32/-/esbuild-windows-32-0.15.7.tgz",
      "integrity": "sha512-cOnKXUEPS8EGCzRSFa1x6NQjGhGsFlVgjhqGEbLTPsA7x4RRYiy2RKoArNUU4iR2vHmzqS5Gr84MEumO/wxYKA==",
      "cpu": [
        "ia32"
      ],
      "dev": true,
      "optional": true,
      "os": [
        "win32"
      ],
      "engines": {
        "node": ">=12"
      }
    },
    "node_modules/esbuild-windows-64": {
      "version": "0.15.7",
      "resolved": "https://registry.npmjs.org/esbuild-windows-64/-/esbuild-windows-64-0.15.7.tgz",
      "integrity": "sha512-7MI08Ec2sTIDv+zH6StNBKO+2hGUYIT42GmFyW6MBBWWtJhTcQLinKS6ldIN1d52MXIbiJ6nXyCJ+LpL4jBm3Q==",
      "cpu": [
        "x64"
      ],
      "dev": true,
      "optional": true,
      "os": [
        "win32"
      ],
      "engines": {
        "node": ">=12"
      }
    },
    "node_modules/esbuild-windows-arm64": {
      "version": "0.15.7",
      "resolved": "https://registry.npmjs.org/esbuild-windows-arm64/-/esbuild-windows-arm64-0.15.7.tgz",
      "integrity": "sha512-R06nmqBlWjKHddhRJYlqDd3Fabx9LFdKcjoOy08YLimwmsswlFBJV4rXzZCxz/b7ZJXvrZgj8DDv1ewE9+StMw==",
      "cpu": [
        "arm64"
      ],
      "dev": true,
      "optional": true,
      "os": [
        "win32"
      ],
      "engines": {
        "node": ">=12"
      }
    },
    "node_modules/ieee754": {
      "version": "1.2.1",
      "resolved": "https://registry.npmjs.org/ieee754/-/ieee754-1.2.1.tgz",
      "integrity": "sha512-dcyqhDvX1C46lXZcVqCpK+FtMRQVdIMN6/Df5js2zouUsqG7I6sFxitIC+7KYK29KdXOLHdu9zL4sFnoVQnqaA==",
      "funding": [
        {
          "type": "github",
          "url": "https://github.com/sponsors/feross"
        },
        {
          "type": "patreon",
          "url": "https://www.patreon.com/feross"
        },
        {
          "type": "consulting",
          "url": "https://feross.org/support"
        }
      ]
    },
    "node_modules/pbf": {
      "version": "3.2.1",
      "resolved": "https://registry.npmjs.org/pbf/-/pbf-3.2.1.tgz",
      "integrity": "sha512-ClrV7pNOn7rtmoQVF4TS1vyU0WhYRnP92fzbfF75jAIwpnzdJXf8iTd4CMEqO4yUenH6NDqLiwjqlh6QgZzgLQ==",
      "dependencies": {
        "ieee754": "^1.1.12",
        "resolve-protobuf-schema": "^2.1.0"
      },
      "bin": {
        "pbf": "bin/pbf"
      }
    },
    "node_modules/protocol-buffers-schema": {
      "version": "3.6.0",
      "resolved": "https://registry.npmjs.org/protocol-buffers-schema/-/protocol-buffers-schema-3.6.0.tgz",
      "integrity": "sha512-TdDRD+/QNdrCGCE7v8340QyuXd4kIWIgapsE2+n/SaGiSSbomYl4TjHlvIoCWRpE7wFt02EpB35VVA2ImcBVqw=="
    },
    "node_modules/resolve-protobuf-schema": {
      "version": "2.1.0",
      "resolved": "https://registry.npmjs.org/resolve-protobuf-schema/-/resolve-protobuf-schema-2.1.0.tgz",
      "integrity": "sha512-kI5ffTiZWmJaS/huM8wZfEMer1eRd7oJQhDuxeCLe3t7N7mX3z94CN0xPxBQxFYQTSNz9T0i+v6inKqSdK8xrQ==",
      "dependencies": {
        "protocol-buffers-schema": "^3.3.1"
      }
    },
    "node_modules/source-map": {
      "version": "0.6.1",
      "resolved": "https://registry.npmjs.org/source-map/-/source-map-0.6.1.tgz",
      "integrity": "sha512-UjgapumWlbMhkBgzT7Ykc5YXUT46F0iKu8SGXq0bcwP5dz/h0Plj6enJqjz1Zbq2l5WaqYnrVbwWOWMyF3F47g==",
      "dev": true,
      "engines": {
        "node": ">=0.10.0"
      }
    },
    "node_modules/source-map-support": {
      "version": "0.5.19",
      "resolved": "https://registry.npmjs.org/source-map-support/-/source-map-support-0.5.19.tgz",
      "integrity": "sha512-Wonm7zOCIJzBGQdB+thsPar0kYuCIzYvxZwlBa87yi/Mdjv7Tip2cyVbLj5o0cFPN4EVkuTwb3GDDyUx2DGnGw==",
      "dev": true,
      "dependencies": {
        "buffer-from": "^1.0.0",
        "source-map": "^0.6.0"
      }
    },
    "node_modules/tslib": {
      "version": "2.3.1",
      "resolved": "https://registry.npmjs.org/tslib/-/tslib-2.3.1.tgz",
      "integrity": "sha512-77EbyPPpMz+FRFRuAFlWMtmgUWGe9UOG2Z25NqCwiIjRhOf5iKGuzSe5P2w1laq+FkRy4p+PCuVkJSGkzTEKVw==",
      "dev": true
    },
    "node_modules/typescript": {
      "version": "4.8.3",
      "resolved": "https://registry.npmjs.org/typescript/-/typescript-4.8.3.tgz",
      "integrity": "sha512-goMHfm00nWPa8UvR/CPSvykqf6dVV8x/dp0c5mFTMTIu0u0FlGWRioyy7Nn0PGAdHxpJZnuO/ut+PpQ8UiHAig==",
      "dev": true,
      "bin": {
        "tsc": "bin/tsc",
        "tsserver": "bin/tsserver"
      },
      "engines": {
        "node": ">=4.2.0"
      }
    }
  },
  "dependencies": {
    "@esbuild/linux-loong64": {
      "version": "0.15.7",
      "resolved": "https://registry.npmjs.org/@esbuild/linux-loong64/-/linux-loong64-0.15.7.tgz",
      "integrity": "sha512-IKznSJOsVUuyt7cDzzSZyqBEcZe+7WlBqTVXiF1OXP/4Nm387ToaXZ0fyLwI1iBlI/bzpxVq411QE2/Bt2XWWw==",
      "dev": true,
      "optional": true
    },
    "@mapbox/point-geometry": {
      "version": "0.1.0",
      "resolved": "https://registry.npmjs.org/@mapbox/point-geometry/-/point-geometry-0.1.0.tgz",
      "integrity": "sha512-6j56HdLTwWGO0fJPlrZtdU/B13q8Uwmo18Ck2GnGgN9PCFyKTZ3UbXeEdRFh18i9XQ92eH2VdtpJHpBD3aripQ=="
    },
    "@mapbox/vector-tile": {
      "version": "1.3.1",
      "resolved": "https://registry.npmjs.org/@mapbox/vector-tile/-/vector-tile-1.3.1.tgz",
      "integrity": "sha512-MCEddb8u44/xfQ3oD+Srl/tNcQoqTw3goGk2oLsrFxOTc3dUp+kAnby3PvAeeBYSMSjSPD1nd1AJA6W49WnoUw==",
      "requires": {
        "@mapbox/point-geometry": "~0.1.0"
      }
    },
    "@types/aws-lambda": {
      "version": "8.10.109",
      "resolved": "https://registry.npmjs.org/@types/aws-lambda/-/aws-lambda-8.10.109.tgz",
      "integrity": "sha512-/ME92FneNyXQzrAfcnQQlW1XkCZGPDlpi2ao1MJwecN+6SbeonKeggU8eybv1DfKli90FAVT1MlIZVXfwVuCyg==",
      "dev": true
    },
    "@types/geojson": {
      "version": "7946.0.10",
      "resolved": "https://registry.npmjs.org/@types/geojson/-/geojson-7946.0.10.tgz",
      "integrity": "sha512-Nmh0K3iWQJzniTuPRcJn5hxXkfB1T1pgB89SBig5PlJQU5yocazeu4jATJlaA0GYFKWMqDdvYemoSnF2pXgLVA==",
      "dev": true
    },
    "@types/mapbox__point-geometry": {
      "version": "0.1.2",
      "resolved": "https://registry.npmjs.org/@types/mapbox__point-geometry/-/mapbox__point-geometry-0.1.2.tgz",
      "integrity": "sha512-D0lgCq+3VWV85ey1MZVkE8ZveyuvW5VAfuahVTQRpXFQTxw03SuIf1/K4UQ87MMIXVKzpFjXFiFMZzLj2kU+iA==",
      "dev": true
    },
    "@types/mapbox__vector-tile": {
      "version": "1.3.0",
      "resolved": "https://registry.npmjs.org/@types/mapbox__vector-tile/-/mapbox__vector-tile-1.3.0.tgz",
      "integrity": "sha512-kDwVreQO5V4c8yAxzZVQLE5tyWF+IPToAanloQaSnwfXmIcJ7cyOrv8z4Ft4y7PsLYmhWXmON8MBV8RX0Rgr8g==",
      "dev": true,
      "requires": {
        "@types/geojson": "*",
        "@types/mapbox__point-geometry": "*",
        "@types/pbf": "*"
      }
    },
    "@types/node": {
      "version": "18.11.10",
      "resolved": "https://registry.npmjs.org/@types/node/-/node-18.11.10.tgz",
      "integrity": "sha512-juG3RWMBOqcOuXC643OAdSA525V44cVgGV6dUDuiFtss+8Fk5x1hI93Rsld43VeJVIeqlP9I7Fn9/qaVqoEAuQ==",
      "dev": true
    },
    "@types/pbf": {
      "version": "3.0.2",
      "resolved": "https://registry.npmjs.org/@types/pbf/-/pbf-3.0.2.tgz",
      "integrity": "sha512-EDrLIPaPXOZqDjrkzxxbX7UlJSeQVgah3i0aA4pOSzmK9zq3BIh7/MZIQxED7slJByvKM4Gc6Hypyu2lJzh3SQ==",
      "dev": true
    },
    "buffer-from": {
      "version": "1.1.2",
      "resolved": "https://registry.npmjs.org/buffer-from/-/buffer-from-1.1.2.tgz",
      "integrity": "sha512-E+XQCRwSbaaiChtv6k6Dwgc+bx+Bs6vuKJHHl5kox/BaKbhiXzqQOwK4cO22yElGp2OCmjwVhT3HmxgyPGnJfQ==",
      "dev": true
    },
    "esbuild": {
      "version": "0.15.7",
      "resolved": "https://registry.npmjs.org/esbuild/-/esbuild-0.15.7.tgz",
      "integrity": "sha512-7V8tzllIbAQV1M4QoE52ImKu8hT/NLGlGXkiDsbEU5PS6K8Mn09ZnYoS+dcmHxOS9CRsV4IRAMdT3I67IyUNXw==",
      "dev": true,
      "requires": {
        "@esbuild/linux-loong64": "0.15.7",
        "esbuild-android-64": "0.15.7",
        "esbuild-android-arm64": "0.15.7",
        "esbuild-darwin-64": "0.15.7",
        "esbuild-darwin-arm64": "0.15.7",
        "esbuild-freebsd-64": "0.15.7",
        "esbuild-freebsd-arm64": "0.15.7",
        "esbuild-linux-32": "0.15.7",
        "esbuild-linux-64": "0.15.7",
        "esbuild-linux-arm": "0.15.7",
        "esbuild-linux-arm64": "0.15.7",
        "esbuild-linux-mips64le": "0.15.7",
        "esbuild-linux-ppc64le": "0.15.7",
        "esbuild-linux-riscv64": "0.15.7",
        "esbuild-linux-s390x": "0.15.7",
        "esbuild-netbsd-64": "0.15.7",
        "esbuild-openbsd-64": "0.15.7",
        "esbuild-sunos-64": "0.15.7",
        "esbuild-windows-32": "0.15.7",
        "esbuild-windows-64": "0.15.7",
        "esbuild-windows-arm64": "0.15.7"
      }
    },
    "esbuild-android-64": {
      "version": "0.15.7",
      "resolved": "https://registry.npmjs.org/esbuild-android-64/-/esbuild-android-64-0.15.7.tgz",
      "integrity": "sha512-p7rCvdsldhxQr3YHxptf1Jcd86dlhvc3EQmQJaZzzuAxefO9PvcI0GLOa5nCWem1AJ8iMRu9w0r5TG8pHmbi9w==",
      "dev": true,
      "optional": true
    },
    "esbuild-android-arm64": {
      "version": "0.15.7",
      "resolved": "https://registry.npmjs.org/esbuild-android-arm64/-/esbuild-android-arm64-0.15.7.tgz",
      "integrity": "sha512-L775l9ynJT7rVqRM5vo+9w5g2ysbOCfsdLV4CWanTZ1k/9Jb3IYlQ06VCI1edhcosTYJRECQFJa3eAvkx72eyQ==",
      "dev": true,
      "optional": true
    },
    "esbuild-darwin-64": {
      "version": "0.15.7",
      "resolved": "https://registry.npmjs.org/esbuild-darwin-64/-/esbuild-darwin-64-0.15.7.tgz",
      "integrity": "sha512-KGPt3r1c9ww009t2xLB6Vk0YyNOXh7hbjZ3EecHoVDxgtbUlYstMPDaReimKe6eOEfyY4hBEEeTvKwPsiH5WZg==",
      "dev": true,
      "optional": true
    },
    "esbuild-darwin-arm64": {
      "version": "0.15.7",
      "resolved": "https://registry.npmjs.org/esbuild-darwin-arm64/-/esbuild-darwin-arm64-0.15.7.tgz",
      "integrity": "sha512-kBIHvtVqbSGajN88lYMnR3aIleH3ABZLLFLxwL2stiuIGAjGlQW741NxVTpUHQXUmPzxi6POqc9npkXa8AcSZQ==",
      "dev": true,
      "optional": true
    },
    "esbuild-freebsd-64": {
      "version": "0.15.7",
      "resolved": "https://registry.npmjs.org/esbuild-freebsd-64/-/esbuild-freebsd-64-0.15.7.tgz",
      "integrity": "sha512-hESZB91qDLV5MEwNxzMxPfbjAhOmtfsr9Wnuci7pY6TtEh4UDuevmGmkUIjX/b+e/k4tcNBMf7SRQ2mdNuK/HQ==",
      "dev": true,
      "optional": true
    },
    "esbuild-freebsd-arm64": {
      "version": "0.15.7",
      "resolved": "https://registry.npmjs.org/esbuild-freebsd-arm64/-/esbuild-freebsd-arm64-0.15.7.tgz",
      "integrity": "sha512-dLFR0ChH5t+b3J8w0fVKGvtwSLWCv7GYT2Y2jFGulF1L5HftQLzVGN+6pi1SivuiVSmTh28FwUhi9PwQicXI6Q==",
      "dev": true,
      "optional": true
    },
    "esbuild-linux-32": {
      "version": "0.15.7",
      "resolved": "https://registry.npmjs.org/esbuild-linux-32/-/esbuild-linux-32-0.15.7.tgz",
      "integrity": "sha512-v3gT/LsONGUZcjbt2swrMjwxo32NJzk+7sAgtxhGx1+ZmOFaTRXBAi1PPfgpeo/J//Un2jIKm/I+qqeo4caJvg==",
      "dev": true,
      "optional": true
    },
    "esbuild-linux-64": {
      "version": "0.15.7",
      "resolved": "https://registry.npmjs.org/esbuild-linux-64/-/esbuild-linux-64-0.15.7.tgz",
      "integrity": "sha512-LxXEfLAKwOVmm1yecpMmWERBshl+Kv5YJ/1KnyAr6HRHFW8cxOEsEfisD3sVl/RvHyW//lhYUVSuy9jGEfIRAQ==",
      "dev": true,
      "optional": true
    },
    "esbuild-linux-arm": {
      "version": "0.15.7",
      "resolved": "https://registry.npmjs.org/esbuild-linux-arm/-/esbuild-linux-arm-0.15.7.tgz",
      "integrity": "sha512-JKgAHtMR5f75wJTeuNQbyznZZa+pjiUHV7sRZp42UNdyXC6TiUYMW/8z8yIBAr2Fpad8hM1royZKQisqPABPvQ==",
      "dev": true,
      "optional": true
    },
    "esbuild-linux-arm64": {
      "version": "0.15.7",
      "resolved": "https://registry.npmjs.org/esbuild-linux-arm64/-/esbuild-linux-arm64-0.15.7.tgz",
      "integrity": "sha512-P3cfhudpzWDkglutWgXcT2S7Ft7o2e3YDMrP1n0z2dlbUZghUkKCyaWw0zhp4KxEEzt/E7lmrtRu/pGWnwb9vw==",
      "dev": true,
      "optional": true
    },
    "esbuild-linux-mips64le": {
      "version": "0.15.7",
      "resolved": "https://registry.npmjs.org/esbuild-linux-mips64le/-/esbuild-linux-mips64le-0.15.7.tgz",
      "integrity": "sha512-T7XKuxl0VpeFLCJXub6U+iybiqh0kM/bWOTb4qcPyDDwNVhLUiPcGdG2/0S7F93czUZOKP57YiLV8YQewgLHKw==",
      "dev": true,
      "optional": true
    },
    "esbuild-linux-ppc64le": {
      "version": "0.15.7",
      "resolved": "https://registry.npmjs.org/esbuild-linux-ppc64le/-/esbuild-linux-ppc64le-0.15.7.tgz",
      "integrity": "sha512-6mGuC19WpFN7NYbecMIJjeQgvDb5aMuvyk0PDYBJrqAEMkTwg3Z98kEKuCm6THHRnrgsdr7bp4SruSAxEM4eJw==",
      "dev": true,
      "optional": true
    },
    "esbuild-linux-riscv64": {
      "version": "0.15.7",
      "resolved": "https://registry.npmjs.org/esbuild-linux-riscv64/-/esbuild-linux-riscv64-0.15.7.tgz",
      "integrity": "sha512-uUJsezbswAYo/X7OU/P+PuL/EI9WzxsEQXDekfwpQ23uGiooxqoLFAPmXPcRAt941vjlY9jtITEEikWMBr+F/g==",
      "dev": true,
      "optional": true
    },
    "esbuild-linux-s390x": {
      "version": "0.15.7",
      "resolved": "https://registry.npmjs.org/esbuild-linux-s390x/-/esbuild-linux-s390x-0.15.7.tgz",
      "integrity": "sha512-+tO+xOyTNMc34rXlSxK7aCwJgvQyffqEM5MMdNDEeMU3ss0S6wKvbBOQfgd5jRPblfwJ6b+bKiz0g5nABpY0QQ==",
      "dev": true,
      "optional": true
    },
    "esbuild-netbsd-64": {
      "version": "0.15.7",
      "resolved": "https://registry.npmjs.org/esbuild-netbsd-64/-/esbuild-netbsd-64-0.15.7.tgz",
      "integrity": "sha512-yVc4Wz+Pu3cP5hzm5kIygNPrjar/v5WCSoRmIjCPWfBVJkZNb5brEGKUlf+0Y759D48BCWa0WHrWXaNy0DULTQ==",
      "dev": true,
      "optional": true
    },
    "esbuild-openbsd-64": {
      "version": "0.15.7",
      "resolved": "https://registry.npmjs.org/esbuild-openbsd-64/-/esbuild-openbsd-64-0.15.7.tgz",
      "integrity": "sha512-GsimbwC4FSR4lN3wf8XmTQ+r8/0YSQo21rWDL0XFFhLHKlzEA4SsT1Tl8bPYu00IU6UWSJ+b3fG/8SB69rcuEQ==",
      "dev": true,
      "optional": true
    },
    "esbuild-runner": {
      "version": "2.2.1",
      "resolved": "https://registry.npmjs.org/esbuild-runner/-/esbuild-runner-2.2.1.tgz",
      "integrity": "sha512-VP0VfJJZiZ3cKzdOH59ZceDxx/GzBKra7tiGM8MfFMLv6CR1/cpsvtQ3IsJI3pz7HyeYxtbPyecj3fHwR+3XcQ==",
      "dev": true,
      "requires": {
        "source-map-support": "0.5.19",
        "tslib": "2.3.1"
      }
    },
    "esbuild-sunos-64": {
      "version": "0.15.7",
      "resolved": "https://registry.npmjs.org/esbuild-sunos-64/-/esbuild-sunos-64-0.15.7.tgz",
      "integrity": "sha512-8CDI1aL/ts0mDGbWzjEOGKXnU7p3rDzggHSBtVryQzkSOsjCHRVe0iFYUuhczlxU1R3LN/E7HgUO4NXzGGP/Ag==",
      "dev": true,
      "optional": true
    },
    "esbuild-windows-32": {
      "version": "0.15.7",
      "resolved": "https://registry.npmjs.org/esbuild-windows-32/-/esbuild-windows-32-0.15.7.tgz",
      "integrity": "sha512-cOnKXUEPS8EGCzRSFa1x6NQjGhGsFlVgjhqGEbLTPsA7x4RRYiy2RKoArNUU4iR2vHmzqS5Gr84MEumO/wxYKA==",
      "dev": true,
      "optional": true
    },
    "esbuild-windows-64": {
      "version": "0.15.7",
      "resolved": "https://registry.npmjs.org/esbuild-windows-64/-/esbuild-windows-64-0.15.7.tgz",
      "integrity": "sha512-7MI08Ec2sTIDv+zH6StNBKO+2hGUYIT42GmFyW6MBBWWtJhTcQLinKS6ldIN1d52MXIbiJ6nXyCJ+LpL4jBm3Q==",
      "dev": true,
      "optional": true
    },
    "esbuild-windows-arm64": {
      "version": "0.15.7",
      "resolved": "https://registry.npmjs.org/esbuild-windows-arm64/-/esbuild-windows-arm64-0.15.7.tgz",
      "integrity": "sha512-R06nmqBlWjKHddhRJYlqDd3Fabx9LFdKcjoOy08YLimwmsswlFBJV4rXzZCxz/b7ZJXvrZgj8DDv1ewE9+StMw==",
      "dev": true,
      "optional": true
    },
    "ieee754": {
      "version": "1.2.1",
      "resolved": "https://registry.npmjs.org/ieee754/-/ieee754-1.2.1.tgz",
      "integrity": "sha512-dcyqhDvX1C46lXZcVqCpK+FtMRQVdIMN6/Df5js2zouUsqG7I6sFxitIC+7KYK29KdXOLHdu9zL4sFnoVQnqaA=="
    },
    "pbf": {
      "version": "3.2.1",
      "resolved": "https://registry.npmjs.org/pbf/-/pbf-3.2.1.tgz",
      "integrity": "sha512-ClrV7pNOn7rtmoQVF4TS1vyU0WhYRnP92fzbfF75jAIwpnzdJXf8iTd4CMEqO4yUenH6NDqLiwjqlh6QgZzgLQ==",
      "requires": {
        "ieee754": "^1.1.12",
        "resolve-protobuf-schema": "^2.1.0"
      }
    },
    "protocol-buffers-schema": {
      "version": "3.6.0",
      "resolved": "https://registry.npmjs.org/protocol-buffers-schema/-/protocol-buffers-schema-3.6.0.tgz",
      "integrity": "sha512-TdDRD+/QNdrCGCE7v8340QyuXd4kIWIgapsE2+n/SaGiSSbomYl4TjHlvIoCWRpE7wFt02EpB35VVA2ImcBVqw=="
    },
    "resolve-protobuf-schema": {
      "version": "2.1.0",
      "resolved": "https://registry.npmjs.org/resolve-protobuf-schema/-/resolve-protobuf-schema-2.1.0.tgz",
      "integrity": "sha512-kI5ffTiZWmJaS/huM8wZfEMer1eRd7oJQhDuxeCLe3t7N7mX3z94CN0xPxBQxFYQTSNz9T0i+v6inKqSdK8xrQ==",
      "requires": {
        "protocol-buffers-schema": "^3.3.1"
      }
    },
    "source-map": {
      "version": "0.6.1",
      "resolved": "https://registry.npmjs.org/source-map/-/source-map-0.6.1.tgz",
      "integrity": "sha512-UjgapumWlbMhkBgzT7Ykc5YXUT46F0iKu8SGXq0bcwP5dz/h0Plj6enJqjz1Zbq2l5WaqYnrVbwWOWMyF3F47g==",
      "dev": true
    },
    "source-map-support": {
      "version": "0.5.19",
      "resolved": "https://registry.npmjs.org/source-map-support/-/source-map-support-0.5.19.tgz",
      "integrity": "sha512-Wonm7zOCIJzBGQdB+thsPar0kYuCIzYvxZwlBa87yi/Mdjv7Tip2cyVbLj5o0cFPN4EVkuTwb3GDDyUx2DGnGw==",
      "dev": true,
      "requires": {
        "buffer-from": "^1.0.0",
        "source-map": "^0.6.0"
      }
    },
    "tslib": {
      "version": "2.3.1",
      "resolved": "https://registry.npmjs.org/tslib/-/tslib-2.3.1.tgz",
      "integrity": "sha512-77EbyPPpMz+FRFRuAFlWMtmgUWGe9UOG2Z25NqCwiIjRhOf5iKGuzSe5P2w1laq+FkRy4p+PCuVkJSGkzTEKVw==",
      "dev": true
    },
    "typescript": {
      "version": "4.8.3",
      "resolved": "https://registry.npmjs.org/typescript/-/typescript-4.8.3.tgz",
      "integrity": "sha512-goMHfm00nWPa8UvR/CPSvykqf6dVV8x/dp0c5mFTMTIu0u0FlGWRioyy7Nn0PGAdHxpJZnuO/ut+PpQ8UiHAig==",
      "dev": true
    }
  }
}
