{
  "name": "pmtiles",
  "version": "0.0.8",
  "lockfileVersion": 1,
  "requires": true,
  "dependencies": {
    "esbuild": {
      "version": "0.11.14",
      "resolved": "https://registry.npmjs.org/esbuild/-/esbuild-0.11.14.tgz",
      "integrity": "sha512-ejheEPkqhq5y0LM9rG9e+3yDihPtqeeE4NZmG7VQiSGJ3CjO4HvPOHmhhttSksfSztjLAGo2+0/zSIvlqj4JOQ==",
      "dev": true
    }
  }
}
