version = 1
revision = 3
requires-python = ">=3.11"
resolution-markers = [
    "python_full_version >= '3.14' and platform_python_implementation != 'PyPy'",
    "python_full_version < '3.14' and platform_python_implementation != 'PyPy'",
    "platform_python_implementation == 'PyPy'",
]

[[package]]
name = "pmtiles"
version = "3.5.0"
source = { directory = "../python/pmtiles" }

[[package]]
name = "qgis-pmtiles"
version = "0.1.0"
source = { virtual = "." }
dependencies = [
    { name = "pmtiles" },
]

[package.dev-dependencies]
dev = [
    { name = "ruff" },
]

[package.metadata]
requires-dist = [{ name = "pmtiles", directory = "../python/pmtiles" }]

[package.metadata.requires-dev]
dev = [{ name = "ruff", specifier = ">=0.14.1" }]

[[package]]
name = "ruff"
version = "0.14.1"
source = { registry = "https://pypi.org/simple" }
sdist = { url = "https://files.pythonhosted.org/packages/9e/58/6ca66896635352812de66f71cdf9ff86b3a4f79071ca5730088c0cd0fc8d/ruff-0.14.1.tar.gz", hash = "sha256:1dd86253060c4772867c61791588627320abcb6ed1577a90ef432ee319729b69", size = 5513429, upload-time = "2025-10-16T18:05:41.766Z" }
wheels = [
    { url = "https://files.pythonhosted.org/packages/8d/39/9cc5ab181478d7a18adc1c1e051a84ee02bec94eb9bdfd35643d7c74ca31/ruff-0.14.1-py3-none-linux_armv6l.whl", hash = "sha256:083bfc1f30f4a391ae09c6f4f99d83074416b471775b59288956f5bc18e82f8b", size = 12445415, upload-time = "2025-10-16T18:04:48.227Z" },
    { url = "https://files.pythonhosted.org/packages/ef/2e/1226961855ccd697255988f5a2474890ac7c5863b080b15bd038df820818/ruff-0.14.1-py3-none-macosx_10_12_x86_64.whl", hash = "sha256:f6fa757cd717f791009f7669fefb09121cc5f7d9bd0ef211371fad68c2b8b224", size = 12784267, upload-time = "2025-10-16T18:04:52.515Z" },
    { url = "https://files.pythonhosted.org/packages/c1/ea/fd9e95863124ed159cd0667ec98449ae461de94acda7101f1acb6066da00/ruff-0.14.1-py3-none-macosx_11_0_arm64.whl", hash = "sha256:d6191903d39ac156921398e9c86b7354d15e3c93772e7dbf26c9fcae59ceccd5", size = 11781872, upload-time = "2025-10-16T18:04:55.396Z" },
    { url = "https://files.pythonhosted.org/packages/1e/5a/e890f7338ff537dba4589a5e02c51baa63020acfb7c8cbbaea4831562c96/ruff-0.14.1-py3-none-manylinux_2_17_aarch64.manylinux2014_aarch64.whl", hash = "sha256:ed04f0e04f7a4587244e5c9d7df50e6b5bf2705d75059f409a6421c593a35896", size = 12226558, upload-time = "2025-10-16T18:04:58.166Z" },
    { url = "https://files.pythonhosted.org/packages/a6/7a/8ab5c3377f5bf31e167b73651841217542bcc7aa1c19e83030835cc25204/ruff-0.14.1-py3-none-manylinux_2_17_armv7l.manylinux2014_armv7l.whl", hash = "sha256:5c9e6cf6cd4acae0febbce29497accd3632fe2025c0c583c8b87e8dbdeae5f61", size = 12187898, upload-time = "2025-10-16T18:05:01.455Z" },
    { url = "https://files.pythonhosted.org/packages/48/8d/ba7c33aa55406955fc124e62c8259791c3d42e3075a71710fdff9375134f/ruff-0.14.1-py3-none-manylinux_2_17_i686.manylinux2014_i686.whl", hash = "sha256:a6fa2458527794ecdfbe45f654e42c61f2503a230545a91af839653a0a93dbc6", size = 12939168, upload-time = "2025-10-16T18:05:04.397Z" },
    { url = "https://files.pythonhosted.org/packages/b4/c2/70783f612b50f66d083380e68cbd1696739d88e9b4f6164230375532c637/ruff-0.14.1-py3-none-manylinux_2_17_ppc64.manylinux2014_ppc64.whl", hash = "sha256:39f1c392244e338b21d42ab29b8a6392a722c5090032eb49bb4d6defcdb34345", size = 14386942, upload-time = "2025-10-16T18:05:07.102Z" },
    { url = "https://files.pythonhosted.org/packages/48/44/cd7abb9c776b66d332119d67f96acf15830d120f5b884598a36d9d3f4d83/ruff-0.14.1-py3-none-manylinux_2_17_ppc64le.manylinux2014_ppc64le.whl", hash = "sha256:7382fa12a26cce1f95070ce450946bec357727aaa428983036362579eadcc5cf", size = 13990622, upload-time = "2025-10-16T18:05:09.882Z" },
    { url = "https://files.pythonhosted.org/packages/eb/56/4259b696db12ac152fe472764b4f78bbdd9b477afd9bc3a6d53c01300b37/ruff-0.14.1-py3-none-manylinux_2_17_s390x.manylinux2014_s390x.whl", hash = "sha256:dd0bf2be3ae8521e1093a487c4aa3b455882f139787770698530d28ed3fbb37c", size = 13431143, upload-time = "2025-10-16T18:05:13.46Z" },
    { url = "https://files.pythonhosted.org/packages/e0/35/266a80d0eb97bd224b3265b9437bd89dde0dcf4faf299db1212e81824e7e/ruff-0.14.1-py3-none-manylinux_2_17_x86_64.manylinux2014_x86_64.whl", hash = "sha256:cabcaa9ccf8089fb4fdb78d17cc0e28241520f50f4c2e88cb6261ed083d85151", size = 13132844, upload-time = "2025-10-16T18:05:16.1Z" },
    { url = "https://files.pythonhosted.org/packages/65/6e/d31ce218acc11a8d91ef208e002a31acf315061a85132f94f3df7a252b18/ruff-0.14.1-py3-none-manylinux_2_31_riscv64.whl", hash = "sha256:747d583400f6125ec11a4c14d1c8474bf75d8b419ad22a111a537ec1a952d192", size = 13401241, upload-time = "2025-10-16T18:05:19.395Z" },
    { url = "https://files.pythonhosted.org/packages/9f/b5/dbc4221bf0b03774b3b2f0d47f39e848d30664157c15b965a14d890637d2/ruff-0.14.1-py3-none-musllinux_1_2_aarch64.whl", hash = "sha256:5a6e74c0efd78515a1d13acbfe6c90f0f5bd822aa56b4a6d43a9ffb2ae6e56cd", size = 12132476, upload-time = "2025-10-16T18:05:22.163Z" },
    { url = "https://files.pythonhosted.org/packages/98/4b/ac99194e790ccd092d6a8b5f341f34b6e597d698e3077c032c502d75ea84/ruff-0.14.1-py3-none-musllinux_1_2_armv7l.whl", hash = "sha256:0ea6a864d2fb41a4b6d5b456ed164302a0d96f4daac630aeba829abfb059d020", size = 12139749, upload-time = "2025-10-16T18:05:25.162Z" },
    { url = "https://files.pythonhosted.org/packages/47/26/7df917462c3bb5004e6fdfcc505a49e90bcd8a34c54a051953118c00b53a/ruff-0.14.1-py3-none-musllinux_1_2_i686.whl", hash = "sha256:0826b8764f94229604fa255918d1cc45e583e38c21c203248b0bfc9a0e930be5", size = 12544758, upload-time = "2025-10-16T18:05:28.018Z" },
    { url = "https://files.pythonhosted.org/packages/64/d0/81e7f0648e9764ad9b51dd4be5e5dac3fcfff9602428ccbae288a39c2c22/ruff-0.14.1-py3-none-musllinux_1_2_x86_64.whl", hash = "sha256:cbc52160465913a1a3f424c81c62ac8096b6a491468e7d872cb9444a860bc33d", size = 13221811, upload-time = "2025-10-16T18:05:30.707Z" },
    { url = "https://files.pythonhosted.org/packages/c3/07/3c45562c67933cc35f6d5df4ca77dabbcd88fddaca0d6b8371693d29fd56/ruff-0.14.1-py3-none-win32.whl", hash = "sha256:e037ea374aaaff4103240ae79168c0945ae3d5ae8db190603de3b4012bd1def6", size = 12319467, upload-time = "2025-10-16T18:05:33.261Z" },
    { url = "https://files.pythonhosted.org/packages/02/88/0ee4ca507d4aa05f67e292d2e5eb0b3e358fbcfe527554a2eda9ac422d6b/ruff-0.14.1-py3-none-win_amd64.whl", hash = "sha256:59d599cdff9c7f925a017f6f2c256c908b094e55967f93f2821b1439928746a1", size = 13401123, upload-time = "2025-10-16T18:05:35.984Z" },
    { url = "https://files.pythonhosted.org/packages/b8/81/4b6387be7014858d924b843530e1b2a8e531846807516e9bea2ee0936bf7/ruff-0.14.1-py3-none-win_arm64.whl", hash = "sha256:e3b443c4c9f16ae850906b8d0a707b2a4c16f8d2f0a7fe65c475c5886665ce44", size = 12436636, upload-time = "2025-10-16T18:05:38.995Z" },
]
